// !$*UTF8*$!
{
	archiveVersion = 1;
	classes = {
	};
	objectVersion = 50;
	objects = {

/* Begin PBXBuildFile section */
		04142450228FAC91003D3D37 /* AppDelegate.swift in Sources */ = {isa = PBXBuildFile; fileRef = 0414244F228FAC91003D3D37 /* AppDelegate.swift */; };
		04142457228FAC92003D3D37 /* Assets.xcassets in Resources */ = {isa = PBXBuildFile; fileRef = 04142456228FAC92003D3D37 /* Assets.xcassets */; };
		0414245A228FAC92003D3D37 /* LaunchScreen.storyboard in Resources */ = {isa = PBXBuildFile; fileRef = 04142458228FAC92003D3D37 /* LaunchScreen.storyboard */; };
		04142466228FAE9A003D3D37 /* QSMainViewController.swift in Sources */ = {isa = PBXBuildFile; fileRef = 04142465228FAE9A003D3D37 /* QSMainViewController.swift */; };
		04142469228FAFFC003D3D37 /* QSMainViewModel.swift in Sources */ = {isa = PBXBuildFile; fileRef = 04142468228FAFFC003D3D37 /* QSMainViewModel.swift */; };
		0414246F228FB2C6003D3D37 /* QSDateViewController.swift in Sources */ = {isa = PBXBuildFile; fileRef = 0414246E228FB2C6003D3D37 /* QSDateViewController.swift */; };
		04142473228FB34A003D3D37 /* Date+Qs.swift in Sources */ = {isa = PBXBuildFile; fileRef = 04142472228FB34A003D3D37 /* Date+Qs.swift */; };
		04142497228FDF13003D3D37 /* String+Md5.swift in Sources */ = {isa = PBXBuildFile; fileRef = 04142496228FDF13003D3D37 /* String+Md5.swift */; };
		0414249A228FDF54003D3D37 /* QSMd5ViewController.swift in Sources */ = {isa = PBXBuildFile; fileRef = 04142499228FDF54003D3D37 /* QSMd5ViewController.swift */; };
		0414249E228FE070003D3D37 /* String+QSEncode.swift in Sources */ = {isa = PBXBuildFile; fileRef = 0414249D228FE070003D3D37 /* String+QSEncode.swift */; };
		041424A1228FE0D4003D3D37 /* QSEncodeViewController.swift in Sources */ = {isa = PBXBuildFile; fileRef = 041424A0228FE0D4003D3D37 /* QSEncodeViewController.swift */; };
		041424A3228FE4A2003D3D37 /* String+Qs.swift in Sources */ = {isa = PBXBuildFile; fileRef = 041424A2228FE4A2003D3D37 /* String+Qs.swift */; };
		041424A6228FE7B8003D3D37 /* QSStringViewController.swift in Sources */ = {isa = PBXBuildFile; fileRef = 041424A5228FE7B8003D3D37 /* QSStringViewController.swift */; };
		041424A8228FED70003D3D37 /* Timer+Qs.swift in Sources */ = {isa = PBXBuildFile; fileRef = 041424A7228FED70003D3D37 /* Timer+Qs.swift */; };
		041424AB228FEEF4003D3D37 /* QSTimerViewController.swift in Sources */ = {isa = PBXBuildFile; fileRef = 041424AA228FEEF4003D3D37 /* QSTimerViewController.swift */; };
		041424AD228FF24A003D3D37 /* UIBarButtonItem+Qs.swift in Sources */ = {isa = PBXBuildFile; fileRef = 041424AC228FF24A003D3D37 /* UIBarButtonItem+Qs.swift */; };
		041424B0228FF9A0003D3D37 /* QSUIBarButtonItemViewController.swift in Sources */ = {isa = PBXBuildFile; fileRef = 041424AF228FF9A0003D3D37 /* QSUIBarButtonItemViewController.swift */; };
		047A0B2D229B83F000181246 /* HandyJSON+Rx.swift in Sources */ = {isa = PBXBuildFile; fileRef = 047A0B2C229B83EF00181246 /* HandyJSON+Rx.swift */; };
		047A0B2F229B899A00181246 /* MJRefresh+Rx.swift in Sources */ = {isa = PBXBuildFile; fileRef = 047A0B2E229B899A00181246 /* MJRefresh+Rx.swift */; };
		047A0B31229B8AE200181246 /* ObservableConvertibleType+Rx.swift in Sources */ = {isa = PBXBuildFile; fileRef = 047A0B30229B8AE200181246 /* ObservableConvertibleType+Rx.swift */; };
		047A0B33229B8B6500181246 /* UIScrollView+Rx.swift in Sources */ = {isa = PBXBuildFile; fileRef = 047A0B32229B8B6500181246 /* UIScrollView+Rx.swift */; };
		047A0B35229B8B9F00181246 /* UIViewController+Rx.swift in Sources */ = {isa = PBXBuildFile; fileRef = 047A0B34229B8B9F00181246 /* UIViewController+Rx.swift */; };
		047A0B38229B91A700181246 /* QSEqualOriginViewController.swift in Sources */ = {isa = PBXBuildFile; fileRef = 047A0B37229B91A700181246 /* QSEqualOriginViewController.swift */; };
		047A0B3B229B99DF00181246 /* QSMJRefreshViewController.swift in Sources */ = {isa = PBXBuildFile; fileRef = 047A0B3A229B99DF00181246 /* QSMJRefreshViewController.swift */; };
		047A0B3E229B9ABB00181246 /* QSMJRefreshViewModel.swift in Sources */ = {isa = PBXBuildFile; fileRef = 047A0B3D229B9ABB00181246 /* QSMJRefreshViewModel.swift */; };
		047A0B41229B9CEB00181246 /* QSMJRefreshDataModel.swift in Sources */ = {isa = PBXBuildFile; fileRef = 047A0B40229B9CEB00181246 /* QSMJRefreshDataModel.swift */; };
		04BFC3FC2294EF4900A9FB0C /* UIButton+QSSetting.swift in Sources */ = {isa = PBXBuildFile; fileRef = 04BFC3FB2294EF4900A9FB0C /* UIButton+QSSetting.swift */; };
		04BFC3FE2294F05F00A9FB0C /* UICollectionView+QSSetting.swift in Sources */ = {isa = PBXBuildFile; fileRef = 04BFC3FD2294F05F00A9FB0C /* UICollectionView+QSSetting.swift */; };
		04BFC4002294F0AC00A9FB0C /* UILable+QSSetting.swift in Sources */ = {isa = PBXBuildFile; fileRef = 04BFC3FF2294F0AC00A9FB0C /* UILable+QSSetting.swift */; };
		04BFC4022294F10800A9FB0C /* UIScrollView+QSSetting.swift in Sources */ = {isa = PBXBuildFile; fileRef = 04BFC4012294F10800A9FB0C /* UIScrollView+QSSetting.swift */; };
		04BFC4042294F12C00A9FB0C /* UITableView+QSSetting.swift in Sources */ = {isa = PBXBuildFile; fileRef = 04BFC4032294F12C00A9FB0C /* UITableView+QSSetting.swift */; };
		04BFC4062294F1C200A9FB0C /* UITextField+QSSetting.swift in Sources */ = {isa = PBXBuildFile; fileRef = 04BFC4052294F1C100A9FB0C /* UITextField+QSSetting.swift */; };
		04BFC4082294F28B00A9FB0C /* UITextView+QSSetting.swift in Sources */ = {isa = PBXBuildFile; fileRef = 04BFC4072294F28B00A9FB0C /* UITextView+QSSetting.swift */; };
		04CA6B1F22927FDF0008D03E /* UIColor+Qs.swift in Sources */ = {isa = PBXBuildFile; fileRef = 04CA6B1E22927FDF0008D03E /* UIColor+Qs.swift */; };
		04CA6B222292803B0008D03E /* QSUIColorViewController.swift in Sources */ = {isa = PBXBuildFile; fileRef = 04CA6B212292803B0008D03E /* QSUIColorViewController.swift */; };
		04CA6B25229284DC0008D03E /* QSUIFontViewController.swift in Sources */ = {isa = PBXBuildFile; fileRef = 04CA6B24229284DC0008D03E /* QSUIFontViewController.swift */; };
		04CA6B272292859E0008D03E /* UIFont+Qs.swift in Sources */ = {isa = PBXBuildFile; fileRef = 04CA6B262292859E0008D03E /* UIFont+Qs.swift */; };
		04CA6B292292883B0008D03E /* UIImage+Qs.swift in Sources */ = {isa = PBXBuildFile; fileRef = 04CA6B282292883B0008D03E /* UIImage+Qs.swift */; };
		04CA6B2C22928C770008D03E /* QSUIImageViewController.swift in Sources */ = {isa = PBXBuildFile; fileRef = 04CA6B2B22928C770008D03E /* QSUIImageViewController.swift */; };
		04CA6B3322929EE20008D03E /* UILabel+Qs.swift in Sources */ = {isa = PBXBuildFile; fileRef = 04CA6B3222929EE20008D03E /* UILabel+Qs.swift */; };
		04CA6B362292A3AC0008D03E /* QSUILabelViewController.swift in Sources */ = {isa = PBXBuildFile; fileRef = 04CA6B352292A3AC0008D03E /* QSUILabelViewController.swift */; };
		04D560DF2297D80800570606 /* UITextField+Rx.swift in Sources */ = {isa = PBXBuildFile; fileRef = 04D560DE2297D80800570606 /* UITextField+Rx.swift */; };
		04D560E22297EECD00570606 /* QSTextField.swift in Sources */ = {isa = PBXBuildFile; fileRef = 04D560E12297EECD00570606 /* QSTextField.swift */; };
		04E6913722FEBB82000444A4 /* QSButton.swift in Sources */ = {isa = PBXBuildFile; fileRef = 04E6913622FEBB82000444A4 /* QSButton.swift */; };
		04E6913A22FEBCAD000444A4 /* QSQSButtonViewController.swift in Sources */ = {isa = PBXBuildFile; fileRef = 04E6913922FEBCAD000444A4 /* QSQSButtonViewController.swift */; };
		04EF7AA32293989A002C42F9 /* UIView+Qs.swift in Sources */ = {isa = PBXBuildFile; fileRef = 04EF7AA22293989A002C42F9 /* UIView+Qs.swift */; };
		04EF7AA62293995E002C42F9 /* QSUIViewViewController.swift in Sources */ = {isa = PBXBuildFile; fileRef = 04EF7AA52293995E002C42F9 /* QSUIViewViewController.swift */; };
		04EF7AA822939AB5002C42F9 /* UIView+QSFrame.swift in Sources */ = {isa = PBXBuildFile; fileRef = 04EF7AA722939AB5002C42F9 /* UIView+QSFrame.swift */; };
		04EF7AAA22939CDA002C42F9 /* UIViewController+Qs.swift in Sources */ = {isa = PBXBuildFile; fileRef = 04EF7AA922939CDA002C42F9 /* UIViewController+Qs.swift */; };
		04EF7AAD2293A539002C42F9 /* QSViewController.swift in Sources */ = {isa = PBXBuildFile; fileRef = 04EF7AAC2293A539002C42F9 /* QSViewController.swift */; };
		04EF7AB02293DD27002C42F9 /* UIImageView+Qs.swift in Sources */ = {isa = PBXBuildFile; fileRef = 04EF7AAE2293DD26002C42F9 /* UIImageView+Qs.swift */; };
		04EF7AB12293DD27002C42F9 /* UIButton+Qs.swift in Sources */ = {isa = PBXBuildFile; fileRef = 04EF7AAF2293DD26002C42F9 /* UIButton+Qs.swift */; };
		04EF7AB32293DDB0002C42F9 /* QSUIImageViewViewController.swift in Sources */ = {isa = PBXBuildFile; fileRef = 04EF7AB22293DDB0002C42F9 /* QSUIImageViewViewController.swift */; };
		04EF7AB52293DDB7002C42F9 /* QSUIButtonViewController.swift in Sources */ = {isa = PBXBuildFile; fileRef = 04EF7AB42293DDB7002C42F9 /* QSUIButtonViewController.swift */; };
		04F066A423010D8800510CC4 /* QSUIScrollViewViewController.swift in Sources */ = {isa = PBXBuildFile; fileRef = 04F066A323010D8800510CC4 /* QSUIScrollViewViewController.swift */; };
		04F066A62301127400510CC4 /* UIScrollView+Qs.swift in Sources */ = {isa = PBXBuildFile; fileRef = 04F066A52301127400510CC4 /* UIScrollView+Qs.swift */; };
		45085F60847A986CFE362999 /* Pods_QSExtensions.framework in Frameworks */ = {isa = PBXBuildFile; fileRef = 1E7742963EEFB35BDC222995 /* Pods_QSExtensions.framework */; };
		E4E792BC22992C71003AA1E1 /* QSTextFieldViewController.swift in Sources */ = {isa = PBXBuildFile; fileRef = E4E792BB22992C71003AA1E1 /* QSTextFieldViewController.swift */; };
		E4E792BE22993429003AA1E1 /* QSTextView.swift in Sources */ = {isa = PBXBuildFile; fileRef = E4E792BD22993429003AA1E1 /* QSTextView.swift */; };
		E4E792C122993AA1003AA1E1 /* QSTextViewViewController.swift in Sources */ = {isa = PBXBuildFile; fileRef = E4E792C022993AA1003AA1E1 /* QSTextViewViewController.swift */; };
/* End PBXBuildFile section */

/* Begin PBXFileReference section */
		0414244C228FAC91003D3D37 /* QSExtensions.app */ = {isa = PBXFileReference; explicitFileType = wrapper.application; includeInIndex = 0; path = QSExtensions.app; sourceTree = BUILT_PRODUCTS_DIR; };
		0414244F228FAC91003D3D37 /* AppDelegate.swift */ = {isa = PBXFileReference; lastKnownFileType = sourcecode.swift; path = AppDelegate.swift; sourceTree = "<group>"; };
		04142456228FAC92003D3D37 /* Assets.xcassets */ = {isa = PBXFileReference; lastKnownFileType = folder.assetcatalog; path = Assets.xcassets; sourceTree = "<group>"; };
		04142459228FAC92003D3D37 /* Base */ = {isa = PBXFileReference; lastKnownFileType = file.storyboard; name = Base; path = Base.lproj/LaunchScreen.storyboard; sourceTree = "<group>"; };
		0414245B228FAC92003D3D37 /* Info.plist */ = {isa = PBXFileReference; lastKnownFileType = text.plist.xml; path = Info.plist; sourceTree = "<group>"; };
		04142465228FAE9A003D3D37 /* QSMainViewController.swift */ = {isa = PBXFileReference; lastKnownFileType = sourcecode.swift; path = QSMainViewController.swift; sourceTree = "<group>"; };
		04142468228FAFFC003D3D37 /* QSMainViewModel.swift */ = {isa = PBXFileReference; lastKnownFileType = sourcecode.swift; path = QSMainViewModel.swift; sourceTree = "<group>"; };
		0414246E228FB2C6003D3D37 /* QSDateViewController.swift */ = {isa = PBXFileReference; lastKnownFileType = sourcecode.swift; path = QSDateViewController.swift; sourceTree = "<group>"; };
		04142472228FB34A003D3D37 /* Date+Qs.swift */ = {isa = PBXFileReference; lastKnownFileType = sourcecode.swift; path = "Date+Qs.swift"; sourceTree = "<group>"; };
		04142496228FDF13003D3D37 /* String+Md5.swift */ = {isa = PBXFileReference; lastKnownFileType = sourcecode.swift; path = "String+Md5.swift"; sourceTree = "<group>"; };
		04142499228FDF54003D3D37 /* QSMd5ViewController.swift */ = {isa = PBXFileReference; lastKnownFileType = sourcecode.swift; path = QSMd5ViewController.swift; sourceTree = "<group>"; };
		0414249D228FE070003D3D37 /* String+QSEncode.swift */ = {isa = PBXFileReference; fileEncoding = 4; lastKnownFileType = sourcecode.swift; path = "String+QSEncode.swift"; sourceTree = "<group>"; };
		041424A0228FE0D4003D3D37 /* QSEncodeViewController.swift */ = {isa = PBXFileReference; lastKnownFileType = sourcecode.swift; path = QSEncodeViewController.swift; sourceTree = "<group>"; };
		041424A2228FE4A2003D3D37 /* String+Qs.swift */ = {isa = PBXFileReference; lastKnownFileType = sourcecode.swift; path = "String+Qs.swift"; sourceTree = "<group>"; };
		041424A5228FE7B8003D3D37 /* QSStringViewController.swift */ = {isa = PBXFileReference; lastKnownFileType = sourcecode.swift; path = QSStringViewController.swift; sourceTree = "<group>"; };
		041424A7228FED70003D3D37 /* Timer+Qs.swift */ = {isa = PBXFileReference; lastKnownFileType = sourcecode.swift; path = "Timer+Qs.swift"; sourceTree = "<group>"; };
		041424AA228FEEF4003D3D37 /* QSTimerViewController.swift */ = {isa = PBXFileReference; lastKnownFileType = sourcecode.swift; path = QSTimerViewController.swift; sourceTree = "<group>"; };
		041424AC228FF24A003D3D37 /* UIBarButtonItem+Qs.swift */ = {isa = PBXFileReference; lastKnownFileType = sourcecode.swift; path = "UIBarButtonItem+Qs.swift"; sourceTree = "<group>"; };
		041424AF228FF9A0003D3D37 /* QSUIBarButtonItemViewController.swift */ = {isa = PBXFileReference; lastKnownFileType = sourcecode.swift; path = QSUIBarButtonItemViewController.swift; sourceTree = "<group>"; };
		047A0B2C229B83EF00181246 /* HandyJSON+Rx.swift */ = {isa = PBXFileReference; fileEncoding = 4; lastKnownFileType = sourcecode.swift; path = "HandyJSON+Rx.swift"; sourceTree = "<group>"; };
		047A0B2E229B899A00181246 /* MJRefresh+Rx.swift */ = {isa = PBXFileReference; fileEncoding = 4; lastKnownFileType = sourcecode.swift; path = "MJRefresh+Rx.swift"; sourceTree = "<group>"; };
		047A0B30229B8AE200181246 /* ObservableConvertibleType+Rx.swift */ = {isa = PBXFileReference; fileEncoding = 4; lastKnownFileType = sourcecode.swift; path = "ObservableConvertibleType+Rx.swift"; sourceTree = "<group>"; };
		047A0B32229B8B6500181246 /* UIScrollView+Rx.swift */ = {isa = PBXFileReference; fileEncoding = 4; lastKnownFileType = sourcecode.swift; path = "UIScrollView+Rx.swift"; sourceTree = "<group>"; };
		047A0B34229B8B9F00181246 /* UIViewController+Rx.swift */ = {isa = PBXFileReference; fileEncoding = 4; lastKnownFileType = sourcecode.swift; path = "UIViewController+Rx.swift"; sourceTree = "<group>"; };
		047A0B37229B91A700181246 /* QSEqualOriginViewController.swift */ = {isa = PBXFileReference; lastKnownFileType = sourcecode.swift; path = QSEqualOriginViewController.swift; sourceTree = "<group>"; };
		047A0B3A229B99DF00181246 /* QSMJRefreshViewController.swift */ = {isa = PBXFileReference; lastKnownFileType = sourcecode.swift; path = QSMJRefreshViewController.swift; sourceTree = "<group>"; };
		047A0B3D229B9ABB00181246 /* QSMJRefreshViewModel.swift */ = {isa = PBXFileReference; lastKnownFileType = sourcecode.swift; path = QSMJRefreshViewModel.swift; sourceTree = "<group>"; };
		047A0B40229B9CEB00181246 /* QSMJRefreshDataModel.swift */ = {isa = PBXFileReference; lastKnownFileType = sourcecode.swift; path = QSMJRefreshDataModel.swift; sourceTree = "<group>"; };
		04BFC3FB2294EF4900A9FB0C /* UIButton+QSSetting.swift */ = {isa = PBXFileReference; fileEncoding = 4; lastKnownFileType = sourcecode.swift; path = "UIButton+QSSetting.swift"; sourceTree = "<group>"; };
		04BFC3FD2294F05F00A9FB0C /* UICollectionView+QSSetting.swift */ = {isa = PBXFileReference; fileEncoding = 4; lastKnownFileType = sourcecode.swift; path = "UICollectionView+QSSetting.swift"; sourceTree = "<group>"; };
		04BFC3FF2294F0AC00A9FB0C /* UILable+QSSetting.swift */ = {isa = PBXFileReference; fileEncoding = 4; lastKnownFileType = sourcecode.swift; path = "UILable+QSSetting.swift"; sourceTree = "<group>"; };
		04BFC4012294F10800A9FB0C /* UIScrollView+QSSetting.swift */ = {isa = PBXFileReference; fileEncoding = 4; lastKnownFileType = sourcecode.swift; path = "UIScrollView+QSSetting.swift"; sourceTree = "<group>"; };
		04BFC4032294F12C00A9FB0C /* UITableView+QSSetting.swift */ = {isa = PBXFileReference; fileEncoding = 4; lastKnownFileType = sourcecode.swift; path = "UITableView+QSSetting.swift"; sourceTree = "<group>"; };
		04BFC4052294F1C100A9FB0C /* UITextField+QSSetting.swift */ = {isa = PBXFileReference; fileEncoding = 4; lastKnownFileType = sourcecode.swift; path = "UITextField+QSSetting.swift"; sourceTree = "<group>"; };
		04BFC4072294F28B00A9FB0C /* UITextView+QSSetting.swift */ = {isa = PBXFileReference; fileEncoding = 4; lastKnownFileType = sourcecode.swift; path = "UITextView+QSSetting.swift"; sourceTree = "<group>"; };
		04CA6B1E22927FDF0008D03E /* UIColor+Qs.swift */ = {isa = PBXFileReference; lastKnownFileType = sourcecode.swift; path = "UIColor+Qs.swift"; sourceTree = "<group>"; };
		04CA6B212292803B0008D03E /* QSUIColorViewController.swift */ = {isa = PBXFileReference; lastKnownFileType = sourcecode.swift; path = QSUIColorViewController.swift; sourceTree = "<group>"; };
		04CA6B24229284DC0008D03E /* QSUIFontViewController.swift */ = {isa = PBXFileReference; lastKnownFileType = sourcecode.swift; path = QSUIFontViewController.swift; sourceTree = "<group>"; };
		04CA6B262292859E0008D03E /* UIFont+Qs.swift */ = {isa = PBXFileReference; lastKnownFileType = sourcecode.swift; path = "UIFont+Qs.swift"; sourceTree = "<group>"; };
		04CA6B282292883B0008D03E /* UIImage+Qs.swift */ = {isa = PBXFileReference; lastKnownFileType = sourcecode.swift; path = "UIImage+Qs.swift"; sourceTree = "<group>"; };
		04CA6B2B22928C770008D03E /* QSUIImageViewController.swift */ = {isa = PBXFileReference; lastKnownFileType = sourcecode.swift; path = QSUIImageViewController.swift; sourceTree = "<group>"; };
		04CA6B3222929EE20008D03E /* UILabel+Qs.swift */ = {isa = PBXFileReference; lastKnownFileType = sourcecode.swift; path = "UILabel+Qs.swift"; sourceTree = "<group>"; };
		04CA6B352292A3AC0008D03E /* QSUILabelViewController.swift */ = {isa = PBXFileReference; lastKnownFileType = sourcecode.swift; path = QSUILabelViewController.swift; sourceTree = "<group>"; };
		04D560DE2297D80800570606 /* UITextField+Rx.swift */ = {isa = PBXFileReference; fileEncoding = 4; lastKnownFileType = sourcecode.swift; path = "UITextField+Rx.swift"; sourceTree = "<group>"; };
		04D560E12297EECD00570606 /* QSTextField.swift */ = {isa = PBXFileReference; lastKnownFileType = sourcecode.swift; path = QSTextField.swift; sourceTree = "<group>"; };
		04E6913622FEBB82000444A4 /* QSButton.swift */ = {isa = PBXFileReference; fileEncoding = 4; lastKnownFileType = sourcecode.swift; path = QSButton.swift; sourceTree = "<group>"; };
		04E6913922FEBCAD000444A4 /* QSQSButtonViewController.swift */ = {isa = PBXFileReference; lastKnownFileType = sourcecode.swift; path = QSQSButtonViewController.swift; sourceTree = "<group>"; };
		04EF7AA22293989A002C42F9 /* UIView+Qs.swift */ = {isa = PBXFileReference; lastKnownFileType = sourcecode.swift; path = "UIView+Qs.swift"; sourceTree = "<group>"; };
		04EF7AA52293995E002C42F9 /* QSUIViewViewController.swift */ = {isa = PBXFileReference; lastKnownFileType = sourcecode.swift; path = QSUIViewViewController.swift; sourceTree = "<group>"; };
		04EF7AA722939AB5002C42F9 /* UIView+QSFrame.swift */ = {isa = PBXFileReference; fileEncoding = 4; lastKnownFileType = sourcecode.swift; path = "UIView+QSFrame.swift"; sourceTree = "<group>"; };
		04EF7AA922939CDA002C42F9 /* UIViewController+Qs.swift */ = {isa = PBXFileReference; lastKnownFileType = sourcecode.swift; path = "UIViewController+Qs.swift"; sourceTree = "<group>"; };
		04EF7AAC2293A539002C42F9 /* QSViewController.swift */ = {isa = PBXFileReference; lastKnownFileType = sourcecode.swift; path = QSViewController.swift; sourceTree = "<group>"; };
		04EF7AAE2293DD26002C42F9 /* UIImageView+Qs.swift */ = {isa = PBXFileReference; fileEncoding = 4; lastKnownFileType = sourcecode.swift; path = "UIImageView+Qs.swift"; sourceTree = "<group>"; };
		04EF7AAF2293DD26002C42F9 /* UIButton+Qs.swift */ = {isa = PBXFileReference; fileEncoding = 4; lastKnownFileType = sourcecode.swift; path = "UIButton+Qs.swift"; sourceTree = "<group>"; };
		04EF7AB22293DDB0002C42F9 /* QSUIImageViewViewController.swift */ = {isa = PBXFileReference; fileEncoding = 4; lastKnownFileType = sourcecode.swift; path = QSUIImageViewViewController.swift; sourceTree = "<group>"; };
		04EF7AB42293DDB7002C42F9 /* QSUIButtonViewController.swift */ = {isa = PBXFileReference; fileEncoding = 4; lastKnownFileType = sourcecode.swift; path = QSUIButtonViewController.swift; sourceTree = "<group>"; };
		04F066A323010D8800510CC4 /* QSUIScrollViewViewController.swift */ = {isa = PBXFileReference; lastKnownFileType = sourcecode.swift; path = QSUIScrollViewViewController.swift; sourceTree = "<group>"; };
		04F066A52301127400510CC4 /* UIScrollView+Qs.swift */ = {isa = PBXFileReference; lastKnownFileType = sourcecode.swift; path = "UIScrollView+Qs.swift"; sourceTree = "<group>"; };
		1E7742963EEFB35BDC222995 /* Pods_QSExtensions.framework */ = {isa = PBXFileReference; explicitFileType = wrapper.framework; includeInIndex = 0; path = Pods_QSExtensions.framework; sourceTree = BUILT_PRODUCTS_DIR; };
		2EA2C1E1B25DA1C63F336AA6 /* Pods-QSExtensions.debug.xcconfig */ = {isa = PBXFileReference; includeInIndex = 1; lastKnownFileType = text.xcconfig; name = "Pods-QSExtensions.debug.xcconfig"; path = "Target Support Files/Pods-QSExtensions/Pods-QSExtensions.debug.xcconfig"; sourceTree = "<group>"; };
		9E03FA399930A5A0FF1B09AB /* Pods-QSExtensions.release.xcconfig */ = {isa = PBXFileReference; includeInIndex = 1; lastKnownFileType = text.xcconfig; name = "Pods-QSExtensions.release.xcconfig"; path = "Target Support Files/Pods-QSExtensions/Pods-QSExtensions.release.xcconfig"; sourceTree = "<group>"; };
		E4E792BB22992C71003AA1E1 /* QSTextFieldViewController.swift */ = {isa = PBXFileReference; lastKnownFileType = sourcecode.swift; path = QSTextFieldViewController.swift; sourceTree = "<group>"; };
		E4E792BD22993429003AA1E1 /* QSTextView.swift */ = {isa = PBXFileReference; lastKnownFileType = sourcecode.swift; path = QSTextView.swift; sourceTree = "<group>"; };
		E4E792C022993AA1003AA1E1 /* QSTextViewViewController.swift */ = {isa = PBXFileReference; lastKnownFileType = sourcecode.swift; path = QSTextViewViewController.swift; sourceTree = "<group>"; };
/* End PBXFileReference section */

/* Begin PBXFrameworksBuildPhase section */
		04142449228FAC91003D3D37 /* Frameworks */ = {
			isa = PBXFrameworksBuildPhase;
			buildActionMask = 2147483647;
			files = (
				45085F60847A986CFE362999 /* Pods_QSExtensions.framework in Frameworks */,
			);
			runOnlyForDeploymentPostprocessing = 0;
		};
/* End PBXFrameworksBuildPhase section */

/* Begin PBXGroup section */
		04142443228FAC91003D3D37 = {
			isa = PBXGroup;
			children = (
				0414244E228FAC91003D3D37 /* QSExtensions */,
				0414244D228FAC91003D3D37 /* Products */,
				089E672A4925705B35C64881 /* Pods */,
				FC9A84CAB9EAA00711256311 /* Frameworks */,
			);
			sourceTree = "<group>";
		};
		0414244D228FAC91003D3D37 /* Products */ = {
			isa = PBXGroup;
			children = (
				0414244C228FAC91003D3D37 /* QSExtensions.app */,
			);
			name = Products;
			sourceTree = "<group>";
		};
		0414244E228FAC91003D3D37 /* QSExtensions */ = {
			isa = PBXGroup;
			children = (
				04142464228FAE69003D3D37 /* AppDelegate */,
				04142463228FAE0E003D3D37 /* Main */,
				0414246B228FB2A6003D3D37 /* Modules */,
				04D560E02297EEB000570606 /* View */,
				04142461228FACD2003D3D37 /* Extensions */,
				04142456228FAC92003D3D37 /* Assets.xcassets */,
				04142458228FAC92003D3D37 /* LaunchScreen.storyboard */,
				0414245B228FAC92003D3D37 /* Info.plist */,
			);
			path = QSExtensions;
			sourceTree = "<group>";
		};
		04142461228FACD2003D3D37 /* Extensions */ = {
			isa = PBXGroup;
			children = (
				04D560DD2297D66000570606 /* Rx */,
				04BFC3FA2294EED900A9FB0C /* Setting */,
				04142462228FAD4C003D3D37 /* Qs */,
			);
			path = Extensions;
			sourceTree = "<group>";
		};
		04142462228FAD4C003D3D37 /* Qs */ = {
			isa = PBXGroup;
			children = (
				04F066A52301127400510CC4 /* UIScrollView+Qs.swift */,
				04EF7AAF2293DD26002C42F9 /* UIButton+Qs.swift */,
				04EF7AAE2293DD26002C42F9 /* UIImageView+Qs.swift */,
				04142472228FB34A003D3D37 /* Date+Qs.swift */,
				0414249D228FE070003D3D37 /* String+QSEncode.swift */,
				04142496228FDF13003D3D37 /* String+Md5.swift */,
				041424A2228FE4A2003D3D37 /* String+Qs.swift */,
				041424A7228FED70003D3D37 /* Timer+Qs.swift */,
				041424AC228FF24A003D3D37 /* UIBarButtonItem+Qs.swift */,
				04CA6B1E22927FDF0008D03E /* UIColor+Qs.swift */,
				04CA6B262292859E0008D03E /* UIFont+Qs.swift */,
				04CA6B282292883B0008D03E /* UIImage+Qs.swift */,
				04CA6B3222929EE20008D03E /* UILabel+Qs.swift */,
				04EF7AA22293989A002C42F9 /* UIView+Qs.swift */,
				04EF7AA722939AB5002C42F9 /* UIView+QSFrame.swift */,
				04EF7AA922939CDA002C42F9 /* UIViewController+Qs.swift */,
			);
			path = Qs;
			sourceTree = "<group>";
		};
		04142463228FAE0E003D3D37 /* Main */ = {
			isa = PBXGroup;
			children = (
				0414246A228FB000003D3D37 /* ViewController */,
				04142467228FAFDA003D3D37 /* ViewModel */,
			);
			path = Main;
			sourceTree = "<group>";
		};
		04142464228FAE69003D3D37 /* AppDelegate */ = {
			isa = PBXGroup;
			children = (
				0414244F228FAC91003D3D37 /* AppDelegate.swift */,
			);
			path = AppDelegate;
			sourceTree = "<group>";
		};
		04142467228FAFDA003D3D37 /* ViewModel */ = {
			isa = PBXGroup;
			children = (
				04142468228FAFFC003D3D37 /* QSMainViewModel.swift */,
			);
			path = ViewModel;
			sourceTree = "<group>";
		};
		0414246A228FB000003D3D37 /* ViewController */ = {
			isa = PBXGroup;
			children = (
				04142465228FAE9A003D3D37 /* QSMainViewController.swift */,
			);
			path = ViewController;
			sourceTree = "<group>";
		};
		0414246B228FB2A6003D3D37 /* Modules */ = {
			isa = PBXGroup;
			children = (
				04F066A223010D5F00510CC4 /* UIScrollView */,
				04E6913822FEBC91000444A4 /* QSButton */,
				047A0B39229B99D200181246 /* MJRefresh */,
				047A0B36229B919B00181246 /* EqualOrigin */,
				E4E792BF22993A8F003AA1E1 /* QSTextView */,
				E4E792BA22992C38003AA1E1 /* QSTextField */,
				04EF7AAB2293A52B002C42F9 /* UIViewController */,
				04EF7AA422939956002C42F9 /* UIView */,
				04CA6B342292A3A30008D03E /* UILabel */,
				04CA6B2F22929B8A0008D03E /* UIImageView */,
				04CA6B2A22928C700008D03E /* UIImage */,
				04CA6B23229284D50008D03E /* UIFont */,
				04CA6B20229280330008D03E /* UIColor */,
				041424B42290044E003D3D37 /* UIButton */,
				041424AE228FF997003D3D37 /* UIBarButtonItem */,
				041424A9228FEEE8003D3D37 /* Timer */,
				041424A4228FE7AC003D3D37 /* String */,
				0414249F228FE0C3003D3D37 /* Encode */,
				04142498228FDF47003D3D37 /* Md5 */,
				0414246C228FB2AE003D3D37 /* Date */,
			);
			path = Modules;
			sourceTree = "<group>";
		};
		0414246C228FB2AE003D3D37 /* Date */ = {
			isa = PBXGroup;
			children = (
				0414246E228FB2C6003D3D37 /* QSDateViewController.swift */,
			);
			path = Date;
			sourceTree = "<group>";
		};
		04142498228FDF47003D3D37 /* Md5 */ = {
			isa = PBXGroup;
			children = (
				04142499228FDF54003D3D37 /* QSMd5ViewController.swift */,
			);
			path = Md5;
			sourceTree = "<group>";
		};
		0414249F228FE0C3003D3D37 /* Encode */ = {
			isa = PBXGroup;
			children = (
				041424A0228FE0D4003D3D37 /* QSEncodeViewController.swift */,
			);
			path = Encode;
			sourceTree = "<group>";
		};
		041424A4228FE7AC003D3D37 /* String */ = {
			isa = PBXGroup;
			children = (
				041424A5228FE7B8003D3D37 /* QSStringViewController.swift */,
			);
			path = String;
			sourceTree = "<group>";
		};
		041424A9228FEEE8003D3D37 /* Timer */ = {
			isa = PBXGroup;
			children = (
				041424AA228FEEF4003D3D37 /* QSTimerViewController.swift */,
			);
			path = Timer;
			sourceTree = "<group>";
		};
		041424AE228FF997003D3D37 /* UIBarButtonItem */ = {
			isa = PBXGroup;
			children = (
				041424AF228FF9A0003D3D37 /* QSUIBarButtonItemViewController.swift */,
			);
			path = UIBarButtonItem;
			sourceTree = "<group>";
		};
		041424B42290044E003D3D37 /* UIButton */ = {
			isa = PBXGroup;
			children = (
				04EF7AB42293DDB7002C42F9 /* QSUIButtonViewController.swift */,
			);
			path = UIButton;
			sourceTree = "<group>";
		};
		047A0B36229B919B00181246 /* EqualOrigin */ = {
			isa = PBXGroup;
			children = (
				047A0B37229B91A700181246 /* QSEqualOriginViewController.swift */,
			);
			path = EqualOrigin;
			sourceTree = "<group>";
		};
		047A0B39229B99D200181246 /* MJRefresh */ = {
			isa = PBXGroup;
			children = (
				047A0B3F229B9CD600181246 /* Model */,
				047A0B3C229B9AAC00181246 /* ViewModel */,
				047A0B3A229B99DF00181246 /* QSMJRefreshViewController.swift */,
			);
			path = MJRefresh;
			sourceTree = "<group>";
		};
		047A0B3C229B9AAC00181246 /* ViewModel */ = {
			isa = PBXGroup;
			children = (
				047A0B3D229B9ABB00181246 /* QSMJRefreshViewModel.swift */,
			);
			path = ViewModel;
			sourceTree = "<group>";
		};
		047A0B3F229B9CD600181246 /* Model */ = {
			isa = PBXGroup;
			children = (
				047A0B40229B9CEB00181246 /* QSMJRefreshDataModel.swift */,
			);
			path = Model;
			sourceTree = "<group>";
		};
		04BFC3FA2294EED900A9FB0C /* Setting */ = {
			isa = PBXGroup;
			children = (
				04BFC4072294F28B00A9FB0C /* UITextView+QSSetting.swift */,
				04BFC4052294F1C100A9FB0C /* UITextField+QSSetting.swift */,
				04BFC4032294F12C00A9FB0C /* UITableView+QSSetting.swift */,
				04BFC4012294F10800A9FB0C /* UIScrollView+QSSetting.swift */,
				04BFC3FF2294F0AC00A9FB0C /* UILable+QSSetting.swift */,
				04BFC3FB2294EF4900A9FB0C /* UIButton+QSSetting.swift */,
				04BFC3FD2294F05F00A9FB0C /* UICollectionView+QSSetting.swift */,
			);
			path = Setting;
			sourceTree = "<group>";
		};
		04CA6B20229280330008D03E /* UIColor */ = {
			isa = PBXGroup;
			children = (
				04CA6B212292803B0008D03E /* QSUIColorViewController.swift */,
			);
			path = UIColor;
			sourceTree = "<group>";
		};
		04CA6B23229284D50008D03E /* UIFont */ = {
			isa = PBXGroup;
			children = (
				04CA6B24229284DC0008D03E /* QSUIFontViewController.swift */,
			);
			path = UIFont;
			sourceTree = "<group>";
		};
		04CA6B2A22928C700008D03E /* UIImage */ = {
			isa = PBXGroup;
			children = (
				04CA6B2B22928C770008D03E /* QSUIImageViewController.swift */,
			);
			path = UIImage;
			sourceTree = "<group>";
		};
		04CA6B2F22929B8A0008D03E /* UIImageView */ = {
			isa = PBXGroup;
			children = (
				04EF7AB22293DDB0002C42F9 /* QSUIImageViewViewController.swift */,
			);
			path = UIImageView;
			sourceTree = "<group>";
		};
		04CA6B342292A3A30008D03E /* UILabel */ = {
			isa = PBXGroup;
			children = (
				04CA6B352292A3AC0008D03E /* QSUILabelViewController.swift */,
			);
			path = UILabel;
			sourceTree = "<group>";
		};
		04D560DD2297D66000570606 /* Rx */ = {
			isa = PBXGroup;
			children = (
				047A0B34229B8B9F00181246 /* UIViewController+Rx.swift */,
				047A0B32229B8B6500181246 /* UIScrollView+Rx.swift */,
				047A0B30229B8AE200181246 /* ObservableConvertibleType+Rx.swift */,
				047A0B2E229B899A00181246 /* MJRefresh+Rx.swift */,
				047A0B2C229B83EF00181246 /* HandyJSON+Rx.swift */,
				04D560DE2297D80800570606 /* UITextField+Rx.swift */,
			);
			path = Rx;
			sourceTree = "<group>";
		};
		04D560E02297EEB000570606 /* View */ = {
			isa = PBXGroup;
			children = (
				04E6913622FEBB82000444A4 /* QSButton.swift */,
				04D560E12297EECD00570606 /* QSTextField.swift */,
				E4E792BD22993429003AA1E1 /* QSTextView.swift */,
			);
			path = View;
			sourceTree = "<group>";
		};
		04E6913822FEBC91000444A4 /* QSButton */ = {
			isa = PBXGroup;
			children = (
				04E6913922FEBCAD000444A4 /* QSQSButtonViewController.swift */,
			);
			path = QSButton;
			sourceTree = "<group>";
		};
		04EF7AA422939956002C42F9 /* UIView */ = {
			isa = PBXGroup;
			children = (
				04EF7AA52293995E002C42F9 /* QSUIViewViewController.swift */,
			);
			path = UIView;
			sourceTree = "<group>";
		};
		04EF7AAB2293A52B002C42F9 /* UIViewController */ = {
			isa = PBXGroup;
			children = (
				04EF7AAC2293A539002C42F9 /* QSViewController.swift */,
			);
			path = UIViewController;
			sourceTree = "<group>";
		};
		04F066A223010D5F00510CC4 /* UIScrollView */ = {
			isa = PBXGroup;
			children = (
				04F066A323010D8800510CC4 /* QSUIScrollViewViewController.swift */,
			);
			path = UIScrollView;
			sourceTree = "<group>";
		};
		089E672A4925705B35C64881 /* Pods */ = {
			isa = PBXGroup;
			children = (
				2EA2C1E1B25DA1C63F336AA6 /* Pods-QSExtensions.debug.xcconfig */,
				9E03FA399930A5A0FF1B09AB /* Pods-QSExtensions.release.xcconfig */,
			);
			path = Pods;
			sourceTree = "<group>";
		};
		E4E792BA22992C38003AA1E1 /* QSTextField */ = {
			isa = PBXGroup;
			children = (
				E4E792BB22992C71003AA1E1 /* QSTextFieldViewController.swift */,
			);
			path = QSTextField;
			sourceTree = "<group>";
		};
		E4E792BF22993A8F003AA1E1 /* QSTextView */ = {
			isa = PBXGroup;
			children = (
				E4E792C022993AA1003AA1E1 /* QSTextViewViewController.swift */,
			);
			path = QSTextView;
			sourceTree = "<group>";
		};
		FC9A84CAB9EAA00711256311 /* Frameworks */ = {
			isa = PBXGroup;
			children = (
				1E7742963EEFB35BDC222995 /* Pods_QSExtensions.framework */,
			);
			name = Frameworks;
			sourceTree = "<group>";
		};
/* End PBXGroup section */

/* Begin PBXNativeTarget section */
		0414244B228FAC91003D3D37 /* QSExtensions */ = {
			isa = PBXNativeTarget;
			buildConfigurationList = 0414245E228FAC92003D3D37 /* Build configuration list for PBXNativeTarget "QSExtensions" */;
			buildPhases = (
				B5D652502F8AD40DB82A0F5D /* [CP] Check Pods Manifest.lock */,
				04142448228FAC91003D3D37 /* Sources */,
				04142449228FAC91003D3D37 /* Frameworks */,
				0414244A228FAC91003D3D37 /* Resources */,
				FC7C000C5E86E35DAC2CF6F5 /* [CP] Embed Pods Frameworks */,
			);
			buildRules = (
			);
			dependencies = (
			);
			name = QSExtensions;
			productName = QSExtensions;
			productReference = 0414244C228FAC91003D3D37 /* QSExtensions.app */;
			productType = "com.apple.product-type.application";
		};
/* End PBXNativeTarget section */

/* Begin PBXProject section */
		04142444228FAC91003D3D37 /* Project object */ = {
			isa = PBXProject;
			attributes = {
				CLASSPREFIX = QS;
				LastSwiftUpdateCheck = 1010;
				LastUpgradeCheck = 1010;
				ORGANIZATIONNAME = Song;
				TargetAttributes = {
					0414244B228FAC91003D3D37 = {
						CreatedOnToolsVersion = 10.1;
						LastSwiftMigration = 1020;
					};
				};
			};
			buildConfigurationList = 04142447228FAC91003D3D37 /* Build configuration list for PBXProject "QSExtensions" */;
			compatibilityVersion = "Xcode 9.3";
			developmentRegion = en;
			hasScannedForEncodings = 0;
			knownRegions = (
				en,
				Base,
			);
			mainGroup = 04142443228FAC91003D3D37;
			productRefGroup = 0414244D228FAC91003D3D37 /* Products */;
			projectDirPath = "";
			projectRoot = "";
			targets = (
				0414244B228FAC91003D3D37 /* QSExtensions */,
			);
		};
/* End PBXProject section */

/* Begin PBXResourcesBuildPhase section */
		0414244A228FAC91003D3D37 /* Resources */ = {
			isa = PBXResourcesBuildPhase;
			buildActionMask = 2147483647;
			files = (
				0414245A228FAC92003D3D37 /* LaunchScreen.storyboard in Resources */,
				04142457228FAC92003D3D37 /* Assets.xcassets in Resources */,
			);
			runOnlyForDeploymentPostprocessing = 0;
		};
/* End PBXResourcesBuildPhase section */

/* Begin PBXShellScriptBuildPhase section */
		B5D652502F8AD40DB82A0F5D /* [CP] Check Pods Manifest.lock */ = {
			isa = PBXShellScriptBuildPhase;
			buildActionMask = 2147483647;
			files = (
			);
			inputFileListPaths = (
			);
			inputPaths = (
				"${PODS_PODFILE_DIR_PATH}/Podfile.lock",
				"${PODS_ROOT}/Manifest.lock",
			);
			name = "[CP] Check Pods Manifest.lock";
			outputFileListPaths = (
			);
			outputPaths = (
				"$(DERIVED_FILE_DIR)/Pods-QSExtensions-checkManifestLockResult.txt",
			);
			runOnlyForDeploymentPostprocessing = 0;
			shellPath = /bin/sh;
			shellScript = "diff \"${PODS_PODFILE_DIR_PATH}/Podfile.lock\" \"${PODS_ROOT}/Manifest.lock\" > /dev/null\nif [ $? != 0 ] ; then\n    # print error to STDERR\n    echo \"error: The sandbox is not in sync with the Podfile.lock. Run 'pod install' or update your CocoaPods installation.\" >&2\n    exit 1\nfi\n# This output is used by Xcode 'outputs' to avoid re-running this script phase.\necho \"SUCCESS\" > \"${SCRIPT_OUTPUT_FILE_0}\"\n";
			showEnvVarsInLog = 0;
		};
		FC7C000C5E86E35DAC2CF6F5 /* [CP] Embed Pods Frameworks */ = {
			isa = PBXShellScriptBuildPhase;
			buildActionMask = 2147483647;
			files = (
			);
			inputFileListPaths = (
			);
			inputPaths = (
				"${PODS_ROOT}/Target Support Files/Pods-QSExtensions/Pods-QSExtensions-frameworks.sh",
				"${BUILT_PRODUCTS_DIR}/ETNavBarTransparent/ETNavBarTransparent.framework",
				"${BUILT_PRODUCTS_DIR}/HandyJSON/HandyJSON.framework",
				"${BUILT_PRODUCTS_DIR}/Kingfisher/Kingfisher.framework",
				"${BUILT_PRODUCTS_DIR}/MJRefresh/MJRefresh.framework",
				"${BUILT_PRODUCTS_DIR}/RxCocoa/RxCocoa.framework",
				"${BUILT_PRODUCTS_DIR}/RxRelay/RxRelay.framework",
				"${BUILT_PRODUCTS_DIR}/RxSwift/RxSwift.framework",
				"${BUILT_PRODUCTS_DIR}/SnapKit/SnapKit.framework",
			);
			name = "[CP] Embed Pods Frameworks";
			outputFileListPaths = (
			);
			outputPaths = (
				"${TARGET_BUILD_DIR}/${FRAMEWORKS_FOLDER_PATH}/ETNavBarTransparent.framework",
				"${TARGET_BUILD_DIR}/${FRAMEWORKS_FOLDER_PATH}/HandyJSON.framework",
				"${TARGET_BUILD_DIR}/${FRAMEWORKS_FOLDER_PATH}/Kingfisher.framework",
				"${TARGET_BUILD_DIR}/${FRAMEWORKS_FOLDER_PATH}/MJRefresh.framework",
				"${TARGET_BUILD_DIR}/${FRAMEWORKS_FOLDER_PATH}/RxCocoa.framework",
				"${TARGET_BUILD_DIR}/${FRAMEWORKS_FOLDER_PATH}/RxRelay.framework",
				"${TARGET_BUILD_DIR}/${FRAMEWORKS_FOLDER_PATH}/RxSwift.framework",
				"${TARGET_BUILD_DIR}/${FRAMEWORKS_FOLDER_PATH}/SnapKit.framework",
			);
			runOnlyForDeploymentPostprocessing = 0;
			shellPath = /bin/sh;
			shellScript = "\"${PODS_ROOT}/Target Support Files/Pods-QSExtensions/Pods-QSExtensions-frameworks.sh\"\n";
			showEnvVarsInLog = 0;
		};
/* End PBXShellScriptBuildPhase section */

/* Begin PBXSourcesBuildPhase section */
		04142448228FAC91003D3D37 /* Sources */ = {
			isa = PBXSourcesBuildPhase;
			buildActionMask = 2147483647;
			files = (
				04EF7AAD2293A539002C42F9 /* QSViewController.swift in Sources */,
				04EF7AB12293DD27002C42F9 /* UIButton+Qs.swift in Sources */,
				04E6913A22FEBCAD000444A4 /* QSQSButtonViewController.swift in Sources */,
				04BFC4082294F28B00A9FB0C /* UITextView+QSSetting.swift in Sources */,
				047A0B2D229B83F000181246 /* HandyJSON+Rx.swift in Sources */,
				041424AB228FEEF4003D3D37 /* QSTimerViewController.swift in Sources */,
				047A0B41229B9CEB00181246 /* QSMJRefreshDataModel.swift in Sources */,
				04BFC4062294F1C200A9FB0C /* UITextField+QSSetting.swift in Sources */,
				E4E792C122993AA1003AA1E1 /* QSTextViewViewController.swift in Sources */,
				047A0B3E229B9ABB00181246 /* QSMJRefreshViewModel.swift in Sources */,
				04142450228FAC91003D3D37 /* AppDelegate.swift in Sources */,
				04142466228FAE9A003D3D37 /* QSMainViewController.swift in Sources */,
				04BFC3FE2294F05F00A9FB0C /* UICollectionView+QSSetting.swift in Sources */,
				04CA6B362292A3AC0008D03E /* QSUILabelViewController.swift in Sources */,
				04CA6B25229284DC0008D03E /* QSUIFontViewController.swift in Sources */,
				04142497228FDF13003D3D37 /* String+Md5.swift in Sources */,
				047A0B33229B8B6500181246 /* UIScrollView+Rx.swift in Sources */,
				04EF7AB32293DDB0002C42F9 /* QSUIImageViewViewController.swift in Sources */,
				04CA6B3322929EE20008D03E /* UILabel+Qs.swift in Sources */,
				04D560DF2297D80800570606 /* UITextField+Rx.swift in Sources */,
				047A0B3B229B99DF00181246 /* QSMJRefreshViewController.swift in Sources */,
				E4E792BE22993429003AA1E1 /* QSTextView.swift in Sources */,
				04CA6B1F22927FDF0008D03E /* UIColor+Qs.swift in Sources */,
				047A0B31229B8AE200181246 /* ObservableConvertibleType+Rx.swift in Sources */,
				04F066A423010D8800510CC4 /* QSUIScrollViewViewController.swift in Sources */,
				04CA6B222292803B0008D03E /* QSUIColorViewController.swift in Sources */,
				047A0B38229B91A700181246 /* QSEqualOriginViewController.swift in Sources */,
				04BFC4002294F0AC00A9FB0C /* UILable+QSSetting.swift in Sources */,
				0414249A228FDF54003D3D37 /* QSMd5ViewController.swift in Sources */,
				04E6913722FEBB82000444A4 /* QSButton.swift in Sources */,
				041424A3228FE4A2003D3D37 /* String+Qs.swift in Sources */,
				0414249E228FE070003D3D37 /* String+QSEncode.swift in Sources */,
				04EF7AB52293DDB7002C42F9 /* QSUIButtonViewController.swift in Sources */,
				047A0B2F229B899A00181246 /* MJRefresh+Rx.swift in Sources */,
				041424A6228FE7B8003D3D37 /* QSStringViewController.swift in Sources */,
				E4E792BC22992C71003AA1E1 /* QSTextFieldViewController.swift in Sources */,
				04EF7AA62293995E002C42F9 /* QSUIViewViewController.swift in Sources */,
				04EF7AA32293989A002C42F9 /* UIView+Qs.swift in Sources */,
				04142473228FB34A003D3D37 /* Date+Qs.swift in Sources */,
				04CA6B2C22928C770008D03E /* QSUIImageViewController.swift in Sources */,
				041424A1228FE0D4003D3D37 /* QSEncodeViewController.swift in Sources */,
				047A0B35229B8B9F00181246 /* UIViewController+Rx.swift in Sources */,
				041424B0228FF9A0003D3D37 /* QSUIBarButtonItemViewController.swift in Sources */,
				041424A8228FED70003D3D37 /* Timer+Qs.swift in Sources */,
				04BFC4042294F12C00A9FB0C /* UITableView+QSSetting.swift in Sources */,
				04BFC3FC2294EF4900A9FB0C /* UIButton+QSSetting.swift in Sources */,
				04CA6B292292883B0008D03E /* UIImage+Qs.swift in Sources */,
				04EF7AA822939AB5002C42F9 /* UIView+QSFrame.swift in Sources */,
				0414246F228FB2C6003D3D37 /* QSDateViewController.swift in Sources */,
				04D560E22297EECD00570606 /* QSTextField.swift in Sources */,
				04EF7AAA22939CDA002C42F9 /* UIViewController+Qs.swift in Sources */,
				04CA6B272292859E0008D03E /* UIFont+Qs.swift in Sources */,
				04F066A62301127400510CC4 /* UIScrollView+Qs.swift in Sources */,
				04BFC4022294F10800A9FB0C /* UIScrollView+QSSetting.swift in Sources */,
				04EF7AB02293DD27002C42F9 /* UIImageView+Qs.swift in Sources */,
				041424AD228FF24A003D3D37 /* UIBarButtonItem+Qs.swift in Sources */,
				04142469228FAFFC003D3D37 /* QSMainViewModel.swift in Sources */,
			);
			runOnlyForDeploymentPostprocessing = 0;
		};
/* End PBXSourcesBuildPhase section */

/* Begin PBXVariantGroup section */
		04142458228FAC92003D3D37 /* LaunchScreen.storyboard */ = {
			isa = PBXVariantGroup;
			children = (
				04142459228FAC92003D3D37 /* Base */,
			);
			name = LaunchScreen.storyboard;
			sourceTree = "<group>";
		};
/* End PBXVariantGroup section */

/* Begin XCBuildConfiguration section */
		0414245C228FAC92003D3D37 /* Debug */ = {
			isa = XCBuildConfiguration;
			buildSettings = {
				ALWAYS_SEARCH_USER_PATHS = NO;
				CLANG_ANALYZER_NONNULL = YES;
				CLANG_ANALYZER_NUMBER_OBJECT_CONVERSION = YES_AGGRESSIVE;
				CLANG_CXX_LANGUAGE_STANDARD = "gnu++14";
				CLANG_CXX_LIBRARY = "libc++";
				CLANG_ENABLE_MODULES = YES;
				CLANG_ENABLE_OBJC_ARC = YES;
				CLANG_ENABLE_OBJC_WEAK = YES;
				CLANG_WARN_BLOCK_CAPTURE_AUTORELEASING = YES;
				CLANG_WARN_BOOL_CONVERSION = YES;
				CLANG_WARN_COMMA = YES;
				CLANG_WARN_CONSTANT_CONVERSION = YES;
				CLANG_WARN_DEPRECATED_OBJC_IMPLEMENTATIONS = YES;
				CLANG_WARN_DIRECT_OBJC_ISA_USAGE = YES_ERROR;
				CLANG_WARN_DOCUMENTATION_COMMENTS = YES;
				CLANG_WARN_EMPTY_BODY = YES;
				CLANG_WARN_ENUM_CONVERSION = YES;
				CLANG_WARN_INFINITE_RECURSION = YES;
				CLANG_WARN_INT_CONVERSION = YES;
				CLANG_WARN_NON_LITERAL_NULL_CONVERSION = YES;
				CLANG_WARN_OBJC_IMPLICIT_RETAIN_SELF = YES;
				CLANG_WARN_OBJC_LITERAL_CONVERSION = YES;
				CLANG_WARN_OBJC_ROOT_CLASS = YES_ERROR;
				CLANG_WARN_RANGE_LOOP_ANALYSIS = YES;
				CLANG_WARN_STRICT_PROTOTYPES = YES;
				CLANG_WARN_SUSPICIOUS_MOVE = YES;
				CLANG_WARN_UNGUARDED_AVAILABILITY = YES_AGGRESSIVE;
				CLANG_WARN_UNREACHABLE_CODE = YES;
				CLANG_WARN__DUPLICATE_METHOD_MATCH = YES;
				CODE_SIGN_IDENTITY = "iPhone Developer";
				COPY_PHASE_STRIP = NO;
				DEBUG_INFORMATION_FORMAT = dwarf;
				ENABLE_STRICT_OBJC_MSGSEND = YES;
				ENABLE_TESTABILITY = YES;
				GCC_C_LANGUAGE_STANDARD = gnu11;
				GCC_DYNAMIC_NO_PIC = NO;
				GCC_NO_COMMON_BLOCKS = YES;
				GCC_OPTIMIZATION_LEVEL = 0;
				GCC_PREPROCESSOR_DEFINITIONS = (
					"DEBUG=1",
					"$(inherited)",
				);
				GCC_WARN_64_TO_32_BIT_CONVERSION = YES;
				GCC_WARN_ABOUT_RETURN_TYPE = YES_ERROR;
				GCC_WARN_UNDECLARED_SELECTOR = YES;
				GCC_WARN_UNINITIALIZED_AUTOS = YES_AGGRESSIVE;
				GCC_WARN_UNUSED_FUNCTION = YES;
				GCC_WARN_UNUSED_VARIABLE = YES;
				IPHONEOS_DEPLOYMENT_TARGET = 12.1;
				MTL_ENABLE_DEBUG_INFO = INCLUDE_SOURCE;
				MTL_FAST_MATH = YES;
				ONLY_ACTIVE_ARCH = YES;
				SDKROOT = iphoneos;
				SWIFT_ACTIVE_COMPILATION_CONDITIONS = DEBUG;
				SWIFT_OPTIMIZATION_LEVEL = "-Onone";
			};
			name = Debug;
		};
		0414245D228FAC92003D3D37 /* Release */ = {
			isa = XCBuildConfiguration;
			buildSettings = {
				ALWAYS_SEARCH_USER_PATHS = NO;
				CLANG_ANALYZER_NONNULL = YES;
				CLANG_ANALYZER_NUMBER_OBJECT_CONVERSION = YES_AGGRESSIVE;
				CLANG_CXX_LANGUAGE_STANDARD = "gnu++14";
				CLANG_CXX_LIBRARY = "libc++";
				CLANG_ENABLE_MODULES = YES;
				CLANG_ENABLE_OBJC_ARC = YES;
				CLANG_ENABLE_OBJC_WEAK = YES;
				CLANG_WARN_BLOCK_CAPTURE_AUTORELEASING = YES;
				CLANG_WARN_BOOL_CONVERSION = YES;
				CLANG_WARN_COMMA = YES;
				CLANG_WARN_CONSTANT_CONVERSION = YES;
				CLANG_WARN_DEPRECATED_OBJC_IMPLEMENTATIONS = YES;
				CLANG_WARN_DIRECT_OBJC_ISA_USAGE = YES_ERROR;
				CLANG_WARN_DOCUMENTATION_COMMENTS = YES;
				CLANG_WARN_EMPTY_BODY = YES;
				CLANG_WARN_ENUM_CONVERSION = YES;
				CLANG_WARN_INFINITE_RECURSION = YES;
				CLANG_WARN_INT_CONVERSION = YES;
				CLANG_WARN_NON_LITERAL_NULL_CONVERSION = YES;
				CLANG_WARN_OBJC_IMPLICIT_RETAIN_SELF = YES;
				CLANG_WARN_OBJC_LITERAL_CONVERSION = YES;
				CLANG_WARN_OBJC_ROOT_CLASS = YES_ERROR;
				CLANG_WARN_RANGE_LOOP_ANALYSIS = YES;
				CLANG_WARN_STRICT_PROTOTYPES = YES;
				CLANG_WARN_SUSPICIOUS_MOVE = YES;
				CLANG_WARN_UNGUARDED_AVAILABILITY = YES_AGGRESSIVE;
				CLANG_WARN_UNREACHABLE_CODE = YES;
				CLANG_WARN__DUPLICATE_METHOD_MATCH = YES;
				CODE_SIGN_IDENTITY = "iPhone Developer";
				COPY_PHASE_STRIP = NO;
				DEBUG_INFORMATION_FORMAT = "dwarf-with-dsym";
				ENABLE_NS_ASSERTIONS = NO;
				ENABLE_STRICT_OBJC_MSGSEND = YES;
				GCC_C_LANGUAGE_STANDARD = gnu11;
				GCC_NO_COMMON_BLOCKS = YES;
				GCC_WARN_64_TO_32_BIT_CONVERSION = YES;
				GCC_WARN_ABOUT_RETURN_TYPE = YES_ERROR;
				GCC_WARN_UNDECLARED_SELECTOR = YES;
				GCC_WARN_UNINITIALIZED_AUTOS = YES_AGGRESSIVE;
				GCC_WARN_UNUSED_FUNCTION = YES;
				GCC_WARN_UNUSED_VARIABLE = YES;
				IPHONEOS_DEPLOYMENT_TARGET = 12.1;
				MTL_ENABLE_DEBUG_INFO = NO;
				MTL_FAST_MATH = YES;
				SDKROOT = iphoneos;
				SWIFT_COMPILATION_MODE = wholemodule;
				SWIFT_OPTIMIZATION_LEVEL = "-O";
				VALIDATE_PRODUCT = YES;
			};
			name = Release;
		};
		0414245F228FAC92003D3D37 /* Debug */ = {
			isa = XCBuildConfiguration;
			baseConfigurationReference = 2EA2C1E1B25DA1C63F336AA6 /* Pods-QSExtensions.debug.xcconfig */;
			buildSettings = {
				ASSETCATALOG_COMPILER_APPICON_NAME = AppIcon;
				CODE_SIGN_STYLE = Automatic;
				DEVELOPMENT_TEAM = 3ZF2PVPAYG;
				INFOPLIST_FILE = QSExtensions/Info.plist;
				IPHONEOS_DEPLOYMENT_TARGET = 8.0;
				LD_RUNPATH_SEARCH_PATHS = (
					"$(inherited)",
					"@executable_path/Frameworks",
				);
				MARKETING_VERSION = 1.2.9;
				PRODUCT_BUNDLE_IDENTIFIER = song.QSExtensions;
				PRODUCT_NAME = "$(TARGET_NAME)";
				SWIFT_VERSION = 5.0;
				TARGETED_DEVICE_FAMILY = 1;
			};
			name = Debug;
		};
		04142460228FAC92003D3D37 /* Release */ = {
			isa = XCBuildConfiguration;
			baseConfigurationReference = 9E03FA399930A5A0FF1B09AB /* Pods-QSExtensions.release.xcconfig */;
			buildSettings = {
				ASSETCATALOG_COMPILER_APPICON_NAME = AppIcon;
				CODE_SIGN_STYLE = Automatic;
				DEVELOPMENT_TEAM = 3ZF2PVPAYG;
				INFOPLIST_FILE = QSExtensions/Info.plist;
				IPHONEOS_DEPLOYMENT_TARGET = 8.0;
				LD_RUNPATH_SEARCH_PATHS = (
					"$(inherited)",
					"@executable_path/Frameworks",
				);
				MARKETING_VERSION = 1.2.9;
				PRODUCT_BUNDLE_IDENTIFIER = song.QSExtensions;
				PRODUCT_NAME = "$(TARGET_NAME)";
				SWIFT_VERSION = 5.0;
				TARGETED_DEVICE_FAMILY = 1;
			};
			name = Release;
		};
/* End XCBuildConfiguration section */

/* Begin XCConfigurationList section */
		04142447228FAC91003D3D37 /* Build configuration list for PBXProject "QSExtensions" */ = {
			isa = XCConfigurationList;
			buildConfigurations = (
				0414245C228FAC92003D3D37 /* Debug */,
				0414245D228FAC92003D3D37 /* Release */,
			);
			defaultConfigurationIsVisible = 0;
			defaultConfigurationName = Release;
		};
		0414245E228FAC92003D3D37 /* Build configuration list for PBXNativeTarget "QSExtensions" */ = {
			isa = XCConfigurationList;
			buildConfigurations = (
				0414245F228FAC92003D3D37 /* Debug */,
				04142460228FAC92003D3D37 /* Release */,
			);
			defaultConfigurationIsVisible = 0;
			defaultConfigurationName = Release;
		};
/* End XCConfigurationList section */
	};
	rootObject = 04142444228FAC91003D3D37 /* Project object */;
}
